
Microsoft Visual Studio Solution File, Format Version 12.00
# Visual Studio Version 17
VisualStudioVersion = 17.4.33205.214
MinimumVisualStudioVersion = 10.0.40219.1
Project("{FAE04EC0-301F-11D3-BF4B-00C04F79EFBC}") = "Partial", "Partial\Partial.csproj", "{3A046F45-6641-42A4-9085-7B6A5396CB74}"
EndProject
Project("{2150E333-8FDC-42A3-9474-1A3956D46DE8}") = "Solution Items", "Solution Items", "{9A4A6008-51A8-49E1-B37A-108659284DF1}"
EndProject
Project("{FAE04EC0-301F-11D3-BF4B-00C04F79EFBC}") = "TryCatch", "TryCatch\TryCatch.csproj", "{0E0E42D2-5543-4C51-9734-83AA25D2646D}"
EndProject
Global
	GlobalSection(SolutionConfigurationPlatforms) = preSolution
		Debug|Any CPU = Debug|Any CPU
		Release|Any CPU = Release|Any CPU
	EndGlobalSection
	GlobalSection(ProjectConfigurationPlatforms) = postSolution
		{3A046F45-6641-42A4-9085-7B6A5396CB74}.Debug|Any CPU.ActiveCfg = Debug|Any CPU
		{3A046F45-6641-42A4-9085-7B6A5396CB74}.Debug|Any CPU.Build.0 = Debug|Any CPU
		{3A046F45-6641-42A4-9085-7B6A5396CB74}.Release|Any CPU.ActiveCfg = Release|Any CPU
		{3A046F45-6641-42A4-9085-7B6A5396CB74}.Release|Any CPU.Build.0 = Release|Any CPU
		{0E0E42D2-5543-4C51-9734-83AA25D2646D}.Debug|Any CPU.ActiveCfg = Debug|Any CPU
		{0E0E42D2-5543-4C51-9734-83AA25D2646D}.Debug|Any CPU.Build.0 = Debug|Any CPU
		{0E0E42D2-5543-4C51-9734-83AA25D2646D}.Release|Any CPU.ActiveCfg = Release|Any CPU
		{0E0E42D2-5543-4C51-9734-83AA25D2646D}.Release|Any CPU.Build.0 = Release|Any CPU
	EndGlobalSection
	GlobalSection(SolutionProperties) = preSolution
		HideSolutionNode = FALSE
	EndGlobalSection
	GlobalSection(ExtensibilityGlobals) = postSolution
		SolutionGuid = {3FB07A07-0F0B-4792-A4F8-231BD9F328F3}
	EndGlobalSection
EndGlobal
